{
	"name": "fcc-learn-npm-package-json",
	"lockfileVersion": 2,
	"requires": true,
	"packages": {
		"": {
			"name": "fcc-learn-npm-package-json",
			"dependencies": {
				"fcc-learn-npm-package-json": "file:"
			}
		},
		"node_modules/fcc-learn-npm-package-json": {
			"resolved": "",
			"link": true
		}
	},
	"dependencies": {
		"fcc-learn-npm-package-json": {
			"version": "file:",
			"requires": {
				"fcc-learn-npm-package-json": "file:"
			}
		}
	}
}
